// !$*UTF8*$!
{
	archiveVersion = 1;
	classes = {
	};
	objectVersion = 50;
	objects = {

/* Begin PBXBuildFile section */
		D5FC0FAA248B49F800D41AEF /* AppDelegate.swift in Sources */ = {isa = PBXBuildFile; fileRef = D5FC0FA9248B49F800D41AEF /* AppDelegate.swift */; };
		D5FC0FAC248B49F800D41AEF /* SceneDelegate.swift in Sources */ = {isa = PBXBuildFile; fileRef = D5FC0FAB248B49F800D41AEF /* SceneDelegate.swift */; };
		D5FC0FAE248B49F800D41AEF /* ContentView.swift in Sources */ = {isa = PBXBuildFile; fileRef = D5FC0FAD248B49F800D41AEF /* ContentView.swift */; };
		D5FC0FB0248B49F900D41AEF /* Assets.xcassets in Resources */ = {isa = PBXBuildFile; fileRef = D5FC0FAF248B49F900D41AEF /* Assets.xcassets */; };
		D5FC0FB3248B49F900D41AEF /* Preview Assets.xcassets in Resources */ = {isa = PBXBuildFile; fileRef = D5FC0FB2248B49F900D41AEF /* Preview Assets.xcassets */; };
		D5FC0FB6248B49F900D41AEF /* LaunchScreen.storyboard in Resources */ = {isa = PBXBuildFile; fileRef = D5FC0FB4248B49F900D41AEF /* LaunchScreen.storyboard */; };
/* End PBXBuildFile section */

/* Begin PBXFileReference section */
		D5FC0FA6248B49F800D41AEF /* FirebaseAuthSwiftUI.app */ = {isa = PBXFileReference; explicitFileType = wrapper.application; includeInIndex = 0; path = FirebaseAuthSwiftUI.app; sourceTree = BUILT_PRODUCTS_DIR; };
		D5FC0FA9248B49F800D41AEF /* AppDelegate.swift */ = {isa = PBXFileReference; lastKnownFileType = sourcecode.swift; path = AppDelegate.swift; sourceTree = "<group>"; };
		D5FC0FAB248B49F800D41AEF /* SceneDelegate.swift */ = {isa = PBXFileReference; lastKnownFileType = sourcecode.swift; path = SceneDelegate.swift; sourceTree = "<group>"; };
		D5FC0FAD248B49F800D41AEF /* ContentView.swift */ = {isa = PBXFileReference; lastKnownFileType = sourcecode.swift; path = ContentView.swift; sourceTree = "<group>"; };
		D5FC0FAF248B49F900D41AEF /* Assets.xcassets */ = {isa = PBXFileReference; lastKnownFileType = folder.assetcatalog; path = Assets.xcassets; sourceTree = "<group>"; };
		D5FC0FB2248B49F900D41AEF /* Preview Assets.xcassets */ = {isa = PBXFileReference; lastKnownFileType = folder.assetcatalog; path = "Preview Assets.xcassets"; sourceTree = "<group>"; };
		D5FC0FB5248B49F900D41AEF /* Base */ = {isa = PBXFileReference; lastKnownFileType = file.storyboard; name = Base; path = Base.lproj/LaunchScreen.storyboard; sourceTree = "<group>"; };
		D5FC0FB7248B49F900D41AEF /* Info.plist */ = {isa = PBXFileReference; lastKnownFileType = text.plist.xml; path = Info.plist; sourceTree = "<group>"; };
/* End PBXFileReference section */

/* Begin PBXFrameworksBuildPhase section */
		D5FC0FA3248B49F800D41AEF /* Frameworks */ = {
			isa = PBXFrameworksBuildPhase;
			buildActionMask = 2147483647;
			files = (
			);
			runOnlyForDeploymentPostprocessing = 0;
		};
/* End PBXFrameworksBuildPhase section */

/* Begin PBXGroup section */
		D5FC0F9D248B49F800D41AEF = {
			isa = PBXGroup;
			children = (
				D5FC0FA8248B49F800D41AEF /* FirebaseAuthSwiftUI */,
				D5FC0FA7248B49F800D41AEF /* Products */,
			);
			sourceTree = "<group>";
		};
		D5FC0FA7248B49F800D41AEF /* Products */ = {
			isa = PBXGroup;
			children = (
				D5FC0FA6248B49F800D41AEF /* FirebaseAuthSwiftUI.app */,
			);
			name = Products;
			sourceTree = "<group>";
		};
		D5FC0FA8248B49F800D41AEF /* FirebaseAuthSwiftUI */ = {
			isa = PBXGroup;
			children = (
				D5FC0FA9248B49F800D41AEF /* AppDelegate.swift */,
				D5FC0FAB248B49F800D41AEF /* SceneDelegate.swift */,
				D5FC0FAD248B49F800D41AEF /* ContentView.swift */,
				D5FC0FAF248B49F900D41AEF /* Assets.xcassets */,
				D5FC0FB4248B49F900D41AEF /* LaunchScreen.storyboard */,
				D5FC0FB7248B49F900D41AEF /* Info.plist */,
				D5FC0FB1248B49F900D41AEF /* Preview Content */,
			);
			path = FirebaseAuthSwiftUI;
			sourceTree = "<group>";
		};
		D5FC0FB1248B49F900D41AEF /* Preview Content */ = {
			isa = PBXGroup;
			children = (
				D5FC0FB2248B49F900D41AEF /* Preview Assets.xcassets */,
			);
			path = "Preview Content";
			sourceTree = "<group>";
		};
/* End PBXGroup section */

/* Begin PBXNativeTarget section */
		D5FC0FA5248B49F800D41AEF /* FirebaseAuthSwiftUI */ = {
			isa = PBXNativeTarget;
			buildConfigurationList = D5FC0FBA248B49F900D41AEF /* Build configuration list for PBXNativeTarget "FirebaseAuthSwiftUI" */;
			buildPhases = (
				D5FC0FA2248B49F800D41AEF /* Sources */,
				D5FC0FA3248B49F800D41AEF /* Frameworks */,
				D5FC0FA4248B49F800D41AEF /* Resources */,
			);
			buildRules = (
			);
			dependencies = (
			);
			name = FirebaseAuthSwiftUI;
			productName = FirebaseAuthSwiftUI;
			productReference = D5FC0FA6248B49F800D41AEF /* FirebaseAuthSwiftUI.app */;
			productType = "com.apple.product-type.application";
		};
/* End PBXNativeTarget section */

/* Begin PBXProject section */
		D5FC0F9E248B49F800D41AEF /* Project object */ = {
			isa = PBXProject;
			attributes = {
				LastSwiftUpdateCheck = 1150;
				LastUpgradeCheck = 1150;
				ORGANIZATIONNAME = "Giuseppe Sapienza";
				TargetAttributes = {
					D5FC0FA5248B49F800D41AEF = {
						CreatedOnToolsVersion = 11.5;
					};
				};
			};
			buildConfigurationList = D5FC0FA1248B49F800D41AEF /* Build configuration list for PBXProject "FirebaseAuthSwiftUI" */;
			compatibilityVersion = "Xcode 9.3";
			developmentRegion = en;
			hasScannedForEncodings = 0;
			knownRegions = (
				en,
				Base,
			);
			mainGroup = D5FC0F9D248B49F800D41AEF;
			productRefGroup = D5FC0FA7248B49F800D41AEF /* Products */;
			projectDirPath = "";
			projectRoot = "";
			targets = (
				D5FC0FA5248B49F800D41AEF /* FirebaseAuthSwiftUI */,
			);
		};
/* End PBXProject section */

/* Begin PBXResourcesBuildPhase section */
		D5FC0FA4248B49F800D41AEF /* Resources */ = {
			isa = PBXResourcesBuildPhase;
			buildActionMask = 2147483647;
			files = (
				D5FC0FB6248B49F900D41AEF /* LaunchScreen.storyboard in Resources */,
				D5FC0FB3248B49F900D41AEF /* Preview Assets.xcassets in Resources */,
				D5FC0FB0248B49F900D41AEF /* Assets.xcassets in Resources */,
			);
			runOnlyForDeploymentPostprocessing = 0;
		};
/* End PBXResourcesBuildPhase section */

/* Begin PBXSourcesBuildPhase section */
		D5FC0FA2248B49F800D41AEF /* Sources */ = {
			isa = PBXSourcesBuildPhase;
			buildActionMask = 2147483647;
			files = (
				D5FC0FAA248B49F800D41AEF /* AppDelegate.swift in Sources */,
				D5FC0FAC248B49F800D41AEF /* SceneDelegate.swift in Sources */,
				D5FC0FAE248B49F800D41AEF /* ContentView.swift in Sources */,
			);
			runOnlyForDeploymentPostprocessing = 0;
		};
/* End PBXSourcesBuildPhase section */

/* Begin PBXVariantGroup section */
		D5FC0FB4248B49F900D41AEF /* LaunchScreen.storyboard */ = {
			isa = PBXVariantGroup;
			children = (
				D5FC0FB5248B49F900D41AEF /* Base */,
			);
			name = LaunchScreen.storyboard;
			sourceTree = "<group>";
		};
/* End PBXVariantGroup section */

/* Begin XCBuildConfiguration section */
		D5FC0FB8248B49F900D41AEF /* Debug */ = {
			isa = XCBuildConfiguration;
			buildSettings = {
				ALWAYS_SEARCH_USER_PATHS = NO;
				CLANG_ANALYZER_NONNULL = YES;
				CLANG_ANALYZER_NUMBER_OBJECT_CONVERSION = YES_AGGRESSIVE;
				CLANG_CXX_LANGUAGE_STANDARD = "gnu++14";
				CLANG_CXX_LIBRARY = "libc++";
				CLANG_ENABLE_MODULES = YES;
				CLANG_ENABLE_OBJC_ARC = YES;
				CLANG_ENABLE_OBJC_WEAK = YES;
				CLANG_WARN_BLOCK_CAPTURE_AUTORELEASING = YES;
				CLANG_WARN_BOOL_CONVERSION = YES;
				CLANG_WARN_COMMA = YES;
				CLANG_WARN_CONSTANT_CONVERSION = YES;
				CLANG_WARN_DEPRECATED_OBJC_IMPLEMENTATIONS = YES;
				CLANG_WARN_DIRECT_OBJC_ISA_USAGE = YES_ERROR;
				CLANG_WARN_DOCUMENTATION_COMMENTS = YES;
				CLANG_WARN_EMPTY_BODY = YES;
				CLANG_WARN_ENUM_CONVERSION = YES;
				CLANG_WARN_INFINITE_RECURSION = YES;
				CLANG_WARN_INT_CONVERSION = YES;
				CLANG_WARN_NON_LITERAL_NULL_CONVERSION = YES;
				CLANG_WARN_OBJC_IMPLICIT_RETAIN_SELF = YES;
				CLANG_WARN_OBJC_LITERAL_CONVERSION = YES;
				CLANG_WARN_OBJC_ROOT_CLASS = YES_ERROR;
				CLANG_WARN_RANGE_LOOP_ANALYSIS = YES;
				CLANG_WARN_STRICT_PROTOTYPES = YES;
				CLANG_WARN_SUSPICIOUS_MOVE = YES;
				CLANG_WARN_UNGUARDED_AVAILABILITY = YES_AGGRESSIVE;
				CLANG_WARN_UNREACHABLE_CODE = YES;
				CLANG_WARN__DUPLICATE_METHOD_MATCH = YES;
				COPY_PHASE_STRIP = NO;
				DEBUG_INFORMATION_FORMAT = dwarf;
				ENABLE_STRICT_OBJC_MSGSEND = YES;
				ENABLE_TESTABILITY = YES;
				GCC_C_LANGUAGE_STANDARD = gnu11;
				GCC_DYNAMIC_NO_PIC = NO;
				GCC_NO_COMMON_BLOCKS = YES;
				GCC_OPTIMIZATION_LEVEL = 0;
				GCC_PREPROCESSOR_DEFINITIONS = (
					"DEBUG=1",
					"$(inherited)",
				);
				GCC_WARN_64_TO_32_BIT_CONVERSION = YES;
				GCC_WARN_ABOUT_RETURN_TYPE = YES_ERROR;
				GCC_WARN_UNDECLARED_SELECTOR = YES;
				GCC_WARN_UNINITIALIZED_AUTOS = YES_AGGRESSIVE;
				GCC_WARN_UNUSED_FUNCTION = YES;
				GCC_WARN_UNUSED_VARIABLE = YES;
				IPHONEOS_DEPLOYMENT_TARGET = 13.5;
				MTL_ENABLE_DEBUG_INFO = INCLUDE_SOURCE;
				MTL_FAST_MATH = YES;
				ONLY_ACTIVE_ARCH = YES;
				SDKROOT = iphoneos;
				SWIFT_ACTIVE_COMPILATION_CONDITIONS = DEBUG;
				SWIFT_OPTIMIZATION_LEVEL = "-Onone";
			};
			name = Debug;
		};
		D5FC0FB9248B49F900D41AEF /* Release */ = {
			isa = XCBuildConfiguration;
			buildSettings = {
				ALWAYS_SEARCH_USER_PATHS = NO;
				CLANG_ANALYZER_NONNULL = YES;
				CLANG_ANALYZER_NUMBER_OBJECT_CONVERSION = YES_AGGRESSIVE;
				CLANG_CXX_LANGUAGE_STANDARD = "gnu++14";
				CLANG_CXX_LIBRARY = "libc++";
				CLANG_ENABLE_MODULES = YES;
				CLANG_ENABLE_OBJC_ARC = YES;
				CLANG_ENABLE_OBJC_WEAK = YES;
				CLANG_WARN_BLOCK_CAPTURE_AUTORELEASING = YES;
				CLANG_WARN_BOOL_CONVERSION = YES;
				CLANG_WARN_COMMA = YES;
				CLANG_WARN_CONSTANT_CONVERSION = YES;
				CLANG_WARN_DEPRECATED_OBJC_IMPLEMENTATIONS = YES;
				CLANG_WARN_DIRECT_OBJC_ISA_USAGE = YES_ERROR;
				CLANG_WARN_DOCUMENTATION_COMMENTS = YES;
				CLANG_WARN_EMPTY_BODY = YES;
				CLANG_WARN_ENUM_CONVERSION = YES;
				CLANG_WARN_INFINITE_RECURSION = YES;
				CLANG_WARN_INT_CONVERSION = YES;
				CLANG_WARN_NON_LITERAL_NULL_CONVERSION = YES;
				CLANG_WARN_OBJC_IMPLICIT_RETAIN_SELF = YES;
				CLANG_WARN_OBJC_LITERAL_CONVERSION = YES;
				CLANG_WARN_OBJC_ROOT_CLASS = YES_ERROR;
				CLANG_WARN_RANGE_LOOP_ANALYSIS = YES;
				CLANG_WARN_STRICT_PROTOTYPES = YES;
				CLANG_WARN_SUSPICIOUS_MOVE = YES;
				CLANG_WARN_UNGUARDED_AVAILABILITY = YES_AGGRESSIVE;
				CLANG_WARN_UNREACHABLE_CODE = YES;
				CLANG_WARN__DUPLICATE_METHOD_MATCH = YES;
				COPY_PHASE_STRIP = NO;
				DEBUG_INFORMATION_FORMAT = "dwarf-with-dsym";
				ENABLE_NS_ASSERTIONS = NO;
				ENABLE_STRICT_OBJC_MSGSEND = YES;
				GCC_C_LANGUAGE_STANDARD = gnu11;
				GCC_NO_COMMON_BLOCKS = YES;
				GCC_WARN_64_TO_32_BIT_CONVERSION = YES;
				GCC_WARN_ABOUT_RETURN_TYPE = YES_ERROR;
				GCC_WARN_UNDECLARED_SELECTOR = YES;
				GCC_WARN_UNINITIALIZED_AUTOS = YES_AGGRESSIVE;
				GCC_WARN_UNUSED_FUNCTION = YES;
				GCC_WARN_UNUSED_VARIABLE = YES;
				IPHONEOS_DEPLOYMENT_TARGET = 13.5;
				MTL_ENABLE_DEBUG_INFO = NO;
				MTL_FAST_MATH = YES;
				SDKROOT = iphoneos;
				SWIFT_COMPILATION_MODE = wholemodule;
				SWIFT_OPTIMIZATION_LEVEL = "-O";
				VALIDATE_PRODUCT = YES;
			};
			name = Release;
		};
		D5FC0FBB248B49F900D41AEF /* Debug */ = {
			isa = XCBuildConfiguration;
			buildSettings = {
				ASSETCATALOG_COMPILER_APPICON_NAME = AppIcon;
				CODE_SIGN_STYLE = Automatic;
				DEVELOPMENT_ASSET_PATHS = "\"FirebaseAuthSwiftUI/Preview Content\"";
				ENABLE_PREVIEWS = YES;
				INFOPLIST_FILE = FirebaseAuthSwiftUI/Info.plist;
				LD_RUNPATH_SEARCH_PATHS = (
					"$(inherited)",
					"@executable_path/Frameworks",
				);
				PRODUCT_BUNDLE_IDENTIFIER = it.xcoding.FirebaseAuthSwiftUI;
				PRODUCT_NAME = "$(TARGET_NAME)";
				SWIFT_VERSION = 5.0;
				TARGETED_DEVICE_FAMILY = "1,2";
			};
			name = Debug;
		};
		D5FC0FBC248B49F900D41AEF /* Release */ = {
			isa = XCBuildConfiguration;
			buildSettings = {
				ASSETCATALOG_COMPILER_APPICON_NAME = AppIcon;
				CODE_SIGN_STYLE = Automatic;
				DEVELOPMENT_ASSET_PATHS = "\"FirebaseAuthSwiftUI/Preview Content\"";
				ENABLE_PREVIEWS = YES;
				INFOPLIST_FILE = FirebaseAuthSwiftUI/Info.plist;
				LD_RUNPATH_SEARCH_PATHS = (
					"$(inherited)",
					"@executable_path/Frameworks",
				);
				PRODUCT_BUNDLE_IDENTIFIER = it.xcoding.FirebaseAuthSwiftUI;
				PRODUCT_NAME = "$(TARGET_NAME)";
				SWIFT_VERSION = 5.0;
				TARGETED_DEVICE_FAMILY = "1,2";
			};
			name = Release;
		};
/* End XCBuildConfiguration section */

/* Begin XCConfigurationList section */
		D5FC0FA1248B49F800D41AEF /* Build configuration list for PBXProject "FirebaseAuthSwiftUI" */ = {
			isa = XCConfigurationList;
			buildConfigurations = (
				D5FC0FB8248B49F900D41AEF /* Debug */,
				D5FC0FB9248B49F900D41AEF /* Release */,
			);
			defaultConfigurationIsVisible = 0;
			defaultConfigurationName = Release;
		};
		D5FC0FBA248B49F900D41AEF /* Build configuration list for PBXNativeTarget "FirebaseAuthSwiftUI" */ = {
			isa = XCConfigurationList;
			buildConfigurations = (
				D5FC0FBB248B49F900D41AEF /* Debug */,
				D5FC0FBC248B49F900D41AEF /* Release */,
			);
			defaultConfigurationIsVisible = 0;
			defaultConfigurationName = Release;
		};
/* End XCConfigurationList section */
	};
	rootObject = D5FC0F9E248B49F800D41AEF /* Project object */;
}
